# This file is automatically @generated by Cargo.
# It is not intended for manual editing.
version = 3

[[package]]
name = "bufstream"
version = "0.1.4"
source = "registry+https://github.com/rust-lang/crates.io-index"
checksum = "40e38929add23cdf8a366df9b0e088953150724bcbe5fc330b0d8eb3b328eec8"

[[package]]
name = "ignite-rs"
version = "0.1.1"
source = "registry+https://github.com/rust-lang/crates.io-index"
checksum = "c7f00a934b760ae6a488a8edceed17cc505d42b4a356560d80b7a714bcab1a68"
dependencies = [
 "bufstream",
]

[[package]]
name = "igniterstest"
version = "0.1.0"
dependencies = [
 "ignite-rs",
]
